{
  "name": "converseGenerate",
  "version": "2.0.0",
  "lockfileVersion": 1,
  "requires": true,
  "dependencies": {
    "axios": {
      "version": "0.24.0",
      "resolved": "https://registry.npmjs.org/axios/-/axios-0.24.0.tgz",
      "integrity": "sha512-Q6cWsys88HoPgAaFAVUb0WpPk0O8iTeisR9IMqy9G8AbO4NlpVknrnQS03zzF9PGAWgO3cgletO3VjV/P7VztA==",
      "requires": {
        "follow-redirects": "^1.14.4"
      }
    },
    "dotenv": {
      "version": "8.6.0",
      "resolved": "https://registry.npmjs.org/dotenv/-/dotenv-8.6.0.tgz",
      "integrity": "sha512-IrPdXQsk2BbzvCBGBOTmmSH5SodmqZNt4ERAZDmW4CT+tL8VtvinqywuANaFu4bOMWki16nqf0e4oC0QIaDr/g=="
    },
    "follow-redirects": {
      "version": "1.14.5",
      "resolved": "https://registry.npmjs.org/follow-redirects/-/follow-redirects-1.14.5.tgz",
      "integrity": "sha512-wtphSXy7d4/OR+MvIFbCVBDzZ5520qV8XfPklSN5QtxuMUJZ+b0Wnst1e1lCDocfzuCkHqj8k0FpZqO+UIaKNA=="
    },
    "graphql": {
      "version": "16.0.1",
      "resolved": "https://registry.npmjs.org/graphql/-/graphql-16.0.1.tgz",
      "integrity": "sha512-oPvCuu6dlLdiz8gZupJ47o1clgb72r1u8NDBcQYjcV6G/iEdmE11B1bBlkhXRvV0LisP/SXRFP7tT6AgaTjpzg=="
    },
    "graphql-tag": {
      "version": "2.12.6",
      "resolved": "https://registry.npmjs.org/graphql-tag/-/graphql-tag-2.12.6.tgz",
      "integrity": "sha512-FdSNcu2QQcWnM2VNvSCCDCVS5PpPqpzgFT8+GXzqJuoDd0CBncxCY278u4mhRO7tMgo2JjgJA5aZ+nWSQ/Z+xg==",
      "requires": {
        "tslib": "^2.1.0"
      }
    },
    "openai-api": {
      "version": "1.2.6",
      "resolved": "https://registry.npmjs.org/openai-api/-/openai-api-1.2.6.tgz",
      "integrity": "sha512-8wZ3ghZQLCaNnbcfkL2E6IRqy4mDyNFSZ7/ChIldBXshtNLLth8cTyqp6qIXT+MiSssE2vXcQn18mFigXCLZBQ==",
      "requires": {
        "axios": "^0.21.1",
        "dotenv": "^8.2.0"
      },
      "dependencies": {
        "axios": {
          "version": "0.21.4",
          "resolved": "https://registry.npmjs.org/axios/-/axios-0.21.4.tgz",
          "integrity": "sha512-ut5vewkiu8jjGBdqpM44XxjuCjq9LAKeHVmoVfHVzy8eHgxxq8SbAVQNovDA8mVi05kP0Ea/n/UzcSHcTJQfNg==",
          "requires": {
            "follow-redirects": "^1.14.0"
          }
        }
      }
    },
    "serialize-error": {
      "version": "9.0.0",
      "resolved": "https://registry.npmjs.org/serialize-error/-/serialize-error-9.0.0.tgz",
      "integrity": "sha512-g2bg8Axwii7KlEkLAKXbLuGXS8rkvEdOY7VAlh8OpvG7lZH6Fcj3cyWVPU7HhiJMIe/1udV+Te3ON0Ch3TFlWQ==",
      "requires": {
        "type-fest": "^2.5.3"
      }
    },
    "tslib": {
      "version": "2.3.1",
      "resolved": "https://registry.npmjs.org/tslib/-/tslib-2.3.1.tgz",
      "integrity": "sha512-77EbyPPpMz+FRFRuAFlWMtmgUWGe9UOG2Z25NqCwiIjRhOf5iKGuzSe5P2w1laq+FkRy4p+PCuVkJSGkzTEKVw=="
    },
    "type-fest": {
      "version": "2.8.0",
      "resolved": "https://registry.npmjs.org/type-fest/-/type-fest-2.8.0.tgz",
      "integrity": "sha512-O+V9pAshf9C6loGaH0idwsmugI2LxVNR7DtS40gVo2EXZVYFgz9OuNtOhgHLdHdapOEWNdvz9Ob/eeuaWwwlxA=="
    }
  }
}
